// !$*UTF8*$!
{
	archiveVersion = 1;
	classes = {
	};
	objectVersion = 50;
	objects = {

/* Begin PBXBuildFile section */
		CE064DF326F1746A00F3F52A /* SwiftUIGestureManager.swift in Sources */ = {isa = PBXBuildFile; fileRef = CE064DF226F1746A00F3F52A /* SwiftUIGestureManager.swift */; };
		CE064DF526F1753900F3F52A /* SwiftUIMagnifyGesture.swift in Sources */ = {isa = PBXBuildFile; fileRef = CE064DF426F1753900F3F52A /* SwiftUIMagnifyGesture.swift */; };
		CE064DF726F1755A00F3F52A /* SwiftUIRotationGesture.swift in Sources */ = {isa = PBXBuildFile; fileRef = CE064DF626F1755A00F3F52A /* SwiftUIRotationGesture.swift */; };
		CE064DF926F1759100F3F52A /* SwiftUILongPressGesture.swift in Sources */ = {isa = PBXBuildFile; fileRef = CE064DF826F1759100F3F52A /* SwiftUILongPressGesture.swift */; };
		CE064DFB26F175D600F3F52A /* SwiftUIDragGesture.swift in Sources */ = {isa = PBXBuildFile; fileRef = CE064DFA26F175D500F3F52A /* SwiftUIDragGesture.swift */; };
		CE064DFD26F175EB00F3F52A /* SwiftUICompoundGestures.swift in Sources */ = {isa = PBXBuildFile; fileRef = CE064DFC26F175EB00F3F52A /* SwiftUICompoundGestures.swift */; };
		CE064DFF26F5679D00F3F52A /* SwiftUITabs.swift in Sources */ = {isa = PBXBuildFile; fileRef = CE064DFE26F5679D00F3F52A /* SwiftUITabs.swift */; };
		CE070D16289E5D6D0071A361 /* testfinnder.m in Sources */ = {isa = PBXBuildFile; fileRef = CE070D15289E5D6D0071A361 /* testfinnder.m */; };
		CE070D18289E5DC40071A361 /* StoryboardTest.storyboard in Resources */ = {isa = PBXBuildFile; fileRef = CE070D17289E5DC40071A361 /* StoryboardTest.storyboard */; };
		CE2A6C7E26D0716C003CDA36 /* SwiftUILabels.swift in Sources */ = {isa = PBXBuildFile; fileRef = CE2A6C7D26D0716C003CDA36 /* SwiftUILabels.swift */; };
		CE2A85CE26EAA498001D4C69 /* Badge.swift in Sources */ = {isa = PBXBuildFile; fileRef = CE2A85CA26EAA498001D4C69 /* Badge.swift */; };
		CE2A85CF26EAA498001D4C69 /* BadgeBackground.swift in Sources */ = {isa = PBXBuildFile; fileRef = CE2A85CB26EAA498001D4C69 /* BadgeBackground.swift */; };
		CE2A85D026EAA498001D4C69 /* BadgeSymbol.swift in Sources */ = {isa = PBXBuildFile; fileRef = CE2A85CC26EAA498001D4C69 /* BadgeSymbol.swift */; };
		CE2A85D126EAA498001D4C69 /* RotatedBadgeSymbol.swift in Sources */ = {isa = PBXBuildFile; fileRef = CE2A85CD26EAA498001D4C69 /* RotatedBadgeSymbol.swift */; };
		CE2A85D326EAA71C001D4C69 /* HexagonParameters.swift in Sources */ = {isa = PBXBuildFile; fileRef = CE2A85D226EAA71C001D4C69 /* HexagonParameters.swift */; };
		CE2A85D526EABC76001D4C69 /* SwiftUIViewBuilder.swift in Sources */ = {isa = PBXBuildFile; fileRef = CE2A85D426EABC76001D4C69 /* SwiftUIViewBuilder.swift */; };
		CE2A85D726EAD55E001D4C69 /* SwiftUIGeometryReader.swift in Sources */ = {isa = PBXBuildFile; fileRef = CE2A85D626EAD55E001D4C69 /* SwiftUIGeometryReader.swift */; };
		CE2A85DA26EAF09D001D4C69 /* SwiftUIHostingViewController.swift in Sources */ = {isa = PBXBuildFile; fileRef = CE2A85D826EAF09D001D4C69 /* SwiftUIHostingViewController.swift */; };
		CE2A85DB26EAF09D001D4C69 /* SwiftUIHostingViewController.xib in Resources */ = {isa = PBXBuildFile; fileRef = CE2A85D926EAF09D001D4C69 /* SwiftUIHostingViewController.xib */; };
		CE2A85DD26EBFDA0001D4C69 /* SwiftUIBridgeUIKit.swift in Sources */ = {isa = PBXBuildFile; fileRef = CE2A85DC26EBFDA0001D4C69 /* SwiftUIBridgeUIKit.swift */; };
		CE2E9066289C66BE00141FCE /* SwiftUIGalleryApp.swift in Sources */ = {isa = PBXBuildFile; fileRef = CE2E9065289C66BE00141FCE /* SwiftUIGalleryApp.swift */; };
		CE31F73A26B0C44C00C30C68 /* SwiftUIMenu.swift in Sources */ = {isa = PBXBuildFile; fileRef = CE31F73926B0C44C00C30C68 /* SwiftUIMenu.swift */; };
		CE3328F526E182F600D12F3D /* SwiftUISheetsAndAlerts.swift in Sources */ = {isa = PBXBuildFile; fileRef = CE3328F426E182F600D12F3D /* SwiftUISheetsAndAlerts.swift */; };
		CE37F9352543B26D0068AF33 /* SwiftUISliders.swift in Sources */ = {isa = PBXBuildFile; fileRef = CE37F9342543B26D0068AF33 /* SwiftUISliders.swift */; };
		CE37F9442543B3730068AF33 /* SwiftUIToggles.swift in Sources */ = {isa = PBXBuildFile; fileRef = CE37F9432543B3730068AF33 /* SwiftUIToggles.swift */; };
		CE37F9492543B4160068AF33 /* SwiftUIImages.swift in Sources */ = {isa = PBXBuildFile; fileRef = CE37F9482543B4160068AF33 /* SwiftUIImages.swift */; };
		CE44F04026C46C8200DC7264 /* SwiftUISteppers.swift in Sources */ = {isa = PBXBuildFile; fileRef = CE44F03F26C46C8200DC7264 /* SwiftUISteppers.swift */; };
		CE44F04426C7586D00DC7264 /* SwiftUITextEditor.swift in Sources */ = {isa = PBXBuildFile; fileRef = CE44F04326C7586D00DC7264 /* SwiftUITextEditor.swift */; };
		CE47273325421F6F00C27C3D /* ContentView.swift in Sources */ = {isa = PBXBuildFile; fileRef = CE47273225421F6F00C27C3D /* ContentView.swift */; };
		CE47273525421F7000C27C3D /* Assets.xcassets in Resources */ = {isa = PBXBuildFile; fileRef = CE47273425421F7000C27C3D /* Assets.xcassets */; };
		CE47273825421F7000C27C3D /* Preview Assets.xcassets in Resources */ = {isa = PBXBuildFile; fileRef = CE47273725421F7000C27C3D /* Preview Assets.xcassets */; };
		CE47274325421F7100C27C3D /* SwiftUIGalleryTests.swift in Sources */ = {isa = PBXBuildFile; fileRef = CE47274225421F7100C27C3D /* SwiftUIGalleryTests.swift */; };
		CE47274E25421F7100C27C3D /* SwiftUIGalleryUITests.swift in Sources */ = {isa = PBXBuildFile; fileRef = CE47274D25421F7100C27C3D /* SwiftUIGalleryUITests.swift */; };
		CE4727602542354600C27C3D /* GalleryItemList.swift in Sources */ = {isa = PBXBuildFile; fileRef = CE47275F2542354600C27C3D /* GalleryItemList.swift */; };
		CE472768254237D800C27C3D /* GalleryItem.swift in Sources */ = {isa = PBXBuildFile; fileRef = CE472767254237D800C27C3D /* GalleryItem.swift */; };
		CE47277B254254B100C27C3D /* GalleryItemRow.swift in Sources */ = {isa = PBXBuildFile; fileRef = CE47277A254254B100C27C3D /* GalleryItemRow.swift */; };
		CE47278425426B0900C27C3D /* SwiftUIButtons.swift in Sources */ = {isa = PBXBuildFile; fileRef = CE47278325426B0900C27C3D /* SwiftUIButtons.swift */; };
		CE4F541D26CB4D4F0000ABCD /* SwiftUIScrollView.swift in Sources */ = {isa = PBXBuildFile; fileRef = CE4F541C26CB4D4F0000ABCD /* SwiftUIScrollView.swift */; };
		CE521686268A9DD800C52279 /* SwiftUIInlinePicker.swift in Sources */ = {isa = PBXBuildFile; fileRef = CE521685268A9DD800C52279 /* SwiftUIInlinePicker.swift */; };
		CE521688268A9DF800C52279 /* SwiftUIMenuPicker.swift in Sources */ = {isa = PBXBuildFile; fileRef = CE521687268A9DF800C52279 /* SwiftUIMenuPicker.swift */; };
		CE52168E268A9EA400C52279 /* SwiftUISegmentedPicker.swift in Sources */ = {isa = PBXBuildFile; fileRef = CE52168D268A9EA400C52279 /* SwiftUISegmentedPicker.swift */; };
		CE521690268AA17200C52279 /* SwiftUIDatePicker.swift in Sources */ = {isa = PBXBuildFile; fileRef = CE52168F268AA17100C52279 /* SwiftUIDatePicker.swift */; };
		CE5C1D6028B45FEF0064E455 /* SwiftUICharts.swift in Sources */ = {isa = PBXBuildFile; fileRef = CE5C1D5F28B45FEF0064E455 /* SwiftUICharts.swift */; };
		CE5C1D6228B474080064E455 /* FirstLightSalesWinter.json in Resources */ = {isa = PBXBuildFile; fileRef = CE5C1D6128B474080064E455 /* FirstLightSalesWinter.json */; };
		CE6C3F0C26BCB29A002C5778 /* SwiftUILinks.swift in Sources */ = {isa = PBXBuildFile; fileRef = CE6C3F0B26BCB29A002C5778 /* SwiftUILinks.swift */; };
		CE74F3AA268FD6FE0058A8FC /* MissionData.swift in Sources */ = {isa = PBXBuildFile; fileRef = CE74F3A9268FD6FE0058A8FC /* MissionData.swift */; };
		CE85B2A026E8920D00DDDA76 /* SwiftUILazyGrids.swift in Sources */ = {isa = PBXBuildFile; fileRef = CE85B29F26E8920C00DDDA76 /* SwiftUILazyGrids.swift */; };
		CE8C1A972705474C003C1092 /* IMG_4222.jpeg in Resources */ = {isa = PBXBuildFile; fileRef = CE8C1A932705474C003C1092 /* IMG_4222.jpeg */; };
		CE8C1A982705474C003C1092 /* IMG_4219.jpeg in Resources */ = {isa = PBXBuildFile; fileRef = CE8C1A942705474C003C1092 /* IMG_4219.jpeg */; };
		CE8E0CAB26CC953700D2142C /* SwiftUIText.swift in Sources */ = {isa = PBXBuildFile; fileRef = CE8E0CAA26CC953700D2142C /* SwiftUIText.swift */; };
		CE8E0CAE26CDF45900D2142C /* SwiftUIDynamicViewContentView.swift in Sources */ = {isa = PBXBuildFile; fileRef = CE8E0CAD26CDF45900D2142C /* SwiftUIDynamicViewContentView.swift */; };
		CE9F94032898BE130019CC79 /* FirstLightSales.json in Resources */ = {isa = PBXBuildFile; fileRef = CE9F94022898BE130019CC79 /* FirstLightSales.json */; };
		CE9F9409289A0B010019CC79 /* FirstLightSales.swift in Sources */ = {isa = PBXBuildFile; fileRef = CE9F9408289A0B010019CC79 /* FirstLightSales.swift */; };
		CEA1A9EE26CF22AF0083D21D /* SwiftUIToolbars.swift in Sources */ = {isa = PBXBuildFile; fileRef = CEA1A9ED26CF22AF0083D21D /* SwiftUIToolbars.swift */; };
		CEA223A326E2EFC1007604E1 /* SwiftUIRadioButtons.swift in Sources */ = {isa = PBXBuildFile; fileRef = CEA223A226E2EFC1007604E1 /* SwiftUIRadioButtons.swift */; };
		CEA223A526E2F6CF007604E1 /* SwiftUIGroupBox.swift in Sources */ = {isa = PBXBuildFile; fileRef = CEA223A426E2F6CF007604E1 /* SwiftUIGroupBox.swift */; };
		CEB3016A269E2915007C4479 /* SwiftUILists.swift in Sources */ = {isa = PBXBuildFile; fileRef = CEB30169269E2915007C4479 /* SwiftUILists.swift */; };
		CEB3016C269E51EE007C4479 /* Spacemissions.json in Resources */ = {isa = PBXBuildFile; fileRef = CEB3016B269E51ED007C4479 /* Spacemissions.json */; };
		CEB30172269FB506007C4479 /* MissionCard.swift in Sources */ = {isa = PBXBuildFile; fileRef = CEB30171269FB506007C4479 /* MissionCard.swift */; };
		CEBE271B26D4420D00621C42 /* SwiftUIForms.swift in Sources */ = {isa = PBXBuildFile; fileRef = CEBE271A26D4420D00621C42 /* SwiftUIForms.swift */; };
		CEBE271D26D498E900621C42 /* SwiftUIProgressView.swift in Sources */ = {isa = PBXBuildFile; fileRef = CEBE271C26D498E900621C42 /* SwiftUIProgressView.swift */; };
		CEC5D8712687007900AD8333 /* SwiftUIShapes.swift in Sources */ = {isa = PBXBuildFile; fileRef = CEC5D8702687007900AD8333 /* SwiftUIShapes.swift */; };
		CECECF40267C2A850069849B /* SwiftUIWheelPicker.swift in Sources */ = {isa = PBXBuildFile; fileRef = CECECF3F267C2A850069849B /* SwiftUIWheelPicker.swift */; };
		CED0058129CEA62E0004C89B /* SwiftUIToolbarMenu.swift in Sources */ = {isa = PBXBuildFile; fileRef = CED0058029CEA62E0004C89B /* SwiftUIToolbarMenu.swift */; };
		CED926CC26E00F2C0005F5BA /* SwiftUIGroups.swift in Sources */ = {isa = PBXBuildFile; fileRef = CED926CB26E00F2C0005F5BA /* SwiftUIGroups.swift */; };
		CED926D026E058FD0005F5BA /* USRussianMissions.swift in Sources */ = {isa = PBXBuildFile; fileRef = CED926CF26E058FD0005F5BA /* USRussianMissions.swift */; };
		CEDFB2CA2894603100F3850A /* SwiftUIPhotoPicker.swift in Sources */ = {isa = PBXBuildFile; fileRef = CEDFB2C92894603100F3850A /* SwiftUIPhotoPicker.swift */; };
		CEDFB2CC28946C2200F3850A /* SwiftUILayout.swift in Sources */ = {isa = PBXBuildFile; fileRef = CEDFB2CB28946C2200F3850A /* SwiftUILayout.swift */; };
		CEFD014C2695471B004AB134 /* SwiftUIColorPicker.swift in Sources */ = {isa = PBXBuildFile; fileRef = CEFD014B2695471B004AB134 /* SwiftUIColorPicker.swift */; };
		CEFD014E2696918D004AB134 /* MissionPatches.plist in Resources */ = {isa = PBXBuildFile; fileRef = CEFD014D2696918D004AB134 /* MissionPatches.plist */; };
/* End PBXBuildFile section */

/* Begin PBXContainerItemProxy section */
		CE47273F25421F7100C27C3D /* PBXContainerItemProxy */ = {
			isa = PBXContainerItemProxy;
			containerPortal = CE47272525421F6F00C27C3D /* Project object */;
			proxyType = 1;
			remoteGlobalIDString = CE47272C25421F6F00C27C3D;
			remoteInfo = SwiftUIGallery;
		};
		CE47274A25421F7100C27C3D /* PBXContainerItemProxy */ = {
			isa = PBXContainerItemProxy;
			containerPortal = CE47272525421F6F00C27C3D /* Project object */;
			proxyType = 1;
			remoteGlobalIDString = CE47272C25421F6F00C27C3D;
			remoteInfo = SwiftUIGallery;
		};
/* End PBXContainerItemProxy section */

/* Begin PBXFileReference section */
		CE064DF226F1746A00F3F52A /* SwiftUIGestureManager.swift */ = {isa = PBXFileReference; lastKnownFileType = sourcecode.swift; name = SwiftUIGestureManager.swift; path = SwiftUIGallery/Items/SwiftUIGestureManager.swift; sourceTree = SOURCE_ROOT; };
		CE064DF426F1753900F3F52A /* SwiftUIMagnifyGesture.swift */ = {isa = PBXFileReference; lastKnownFileType = sourcecode.swift; path = SwiftUIMagnifyGesture.swift; sourceTree = "<group>"; };
		CE064DF626F1755A00F3F52A /* SwiftUIRotationGesture.swift */ = {isa = PBXFileReference; lastKnownFileType = sourcecode.swift; path = SwiftUIRotationGesture.swift; sourceTree = "<group>"; };
		CE064DF826F1759100F3F52A /* SwiftUILongPressGesture.swift */ = {isa = PBXFileReference; lastKnownFileType = sourcecode.swift; path = SwiftUILongPressGesture.swift; sourceTree = "<group>"; };
		CE064DFA26F175D500F3F52A /* SwiftUIDragGesture.swift */ = {isa = PBXFileReference; lastKnownFileType = sourcecode.swift; path = SwiftUIDragGesture.swift; sourceTree = "<group>"; };
		CE064DFC26F175EB00F3F52A /* SwiftUICompoundGestures.swift */ = {isa = PBXFileReference; lastKnownFileType = sourcecode.swift; path = SwiftUICompoundGestures.swift; sourceTree = "<group>"; };
		CE064DFE26F5679D00F3F52A /* SwiftUITabs.swift */ = {isa = PBXFileReference; fileEncoding = 4; lastKnownFileType = sourcecode.swift; path = SwiftUITabs.swift; sourceTree = "<group>"; };
		CE070D14289E5D6D0071A361 /* testfinnder.h */ = {isa = PBXFileReference; lastKnownFileType = sourcecode.c.h; name = testfinnder.h; path = ../../../../AndroidStudioProjects/testfinnder.h; sourceTree = "<group>"; };
		CE070D15289E5D6D0071A361 /* testfinnder.m */ = {isa = PBXFileReference; lastKnownFileType = sourcecode.c.objc; name = testfinnder.m; path = ../../../../AndroidStudioProjects/testfinnder.m; sourceTree = "<group>"; };
		CE070D17289E5DC40071A361 /* StoryboardTest.storyboard */ = {isa = PBXFileReference; lastKnownFileType = file.storyboard; path = StoryboardTest.storyboard; sourceTree = "<group>"; };
		CE2A6C7D26D0716C003CDA36 /* SwiftUILabels.swift */ = {isa = PBXFileReference; lastKnownFileType = sourcecode.swift; path = SwiftUILabels.swift; sourceTree = "<group>"; };
		CE2A85CA26EAA498001D4C69 /* Badge.swift */ = {isa = PBXFileReference; fileEncoding = 4; lastKnownFileType = sourcecode.swift; path = Badge.swift; sourceTree = "<group>"; };
		CE2A85CB26EAA498001D4C69 /* BadgeBackground.swift */ = {isa = PBXFileReference; fileEncoding = 4; lastKnownFileType = sourcecode.swift; path = BadgeBackground.swift; sourceTree = "<group>"; };
		CE2A85CC26EAA498001D4C69 /* BadgeSymbol.swift */ = {isa = PBXFileReference; fileEncoding = 4; lastKnownFileType = sourcecode.swift; path = BadgeSymbol.swift; sourceTree = "<group>"; };
		CE2A85CD26EAA498001D4C69 /* RotatedBadgeSymbol.swift */ = {isa = PBXFileReference; fileEncoding = 4; lastKnownFileType = sourcecode.swift; path = RotatedBadgeSymbol.swift; sourceTree = "<group>"; };
		CE2A85D226EAA71C001D4C69 /* HexagonParameters.swift */ = {isa = PBXFileReference; fileEncoding = 4; lastKnownFileType = sourcecode.swift; name = HexagonParameters.swift; path = ../../../../Swift/SwiftTutorials/SwiftUI/ApplesLandmarkApp/DrawingPathsAndShapes/Complete/Landmarks/Landmarks/HexagonParameters.swift; sourceTree = "<group>"; };
		CE2A85D426EABC76001D4C69 /* SwiftUIViewBuilder.swift */ = {isa = PBXFileReference; lastKnownFileType = sourcecode.swift; path = SwiftUIViewBuilder.swift; sourceTree = "<group>"; };
		CE2A85D626EAD55E001D4C69 /* SwiftUIGeometryReader.swift */ = {isa = PBXFileReference; lastKnownFileType = sourcecode.swift; path = SwiftUIGeometryReader.swift; sourceTree = "<group>"; };
		CE2A85D826EAF09D001D4C69 /* SwiftUIHostingViewController.swift */ = {isa = PBXFileReference; lastKnownFileType = sourcecode.swift; path = SwiftUIHostingViewController.swift; sourceTree = "<group>"; };
		CE2A85D926EAF09D001D4C69 /* SwiftUIHostingViewController.xib */ = {isa = PBXFileReference; lastKnownFileType = file.xib; path = SwiftUIHostingViewController.xib; sourceTree = "<group>"; };
		CE2A85DC26EBFDA0001D4C69 /* SwiftUIBridgeUIKit.swift */ = {isa = PBXFileReference; lastKnownFileType = sourcecode.swift; path = SwiftUIBridgeUIKit.swift; sourceTree = "<group>"; };
		CE2E9065289C66BE00141FCE /* SwiftUIGalleryApp.swift */ = {isa = PBXFileReference; fileEncoding = 4; lastKnownFileType = sourcecode.swift; name = SwiftUIGalleryApp.swift; path = Items/SwiftUIGalleryApp.swift; sourceTree = "<group>"; };
		CE31F73926B0C44C00C30C68 /* SwiftUIMenu.swift */ = {isa = PBXFileReference; lastKnownFileType = sourcecode.swift; path = SwiftUIMenu.swift; sourceTree = "<group>"; };
		CE3328F426E182F600D12F3D /* SwiftUISheetsAndAlerts.swift */ = {isa = PBXFileReference; lastKnownFileType = sourcecode.swift; path = SwiftUISheetsAndAlerts.swift; sourceTree = "<group>"; };
		CE37F9342543B26D0068AF33 /* SwiftUISliders.swift */ = {isa = PBXFileReference; lastKnownFileType = sourcecode.swift; path = SwiftUISliders.swift; sourceTree = "<group>"; };
		CE37F9432543B3730068AF33 /* SwiftUIToggles.swift */ = {isa = PBXFileReference; lastKnownFileType = sourcecode.swift; path = SwiftUIToggles.swift; sourceTree = "<group>"; };
		CE37F9482543B4160068AF33 /* SwiftUIImages.swift */ = {isa = PBXFileReference; lastKnownFileType = sourcecode.swift; path = SwiftUIImages.swift; sourceTree = "<group>"; };
		CE44F03F26C46C8200DC7264 /* SwiftUISteppers.swift */ = {isa = PBXFileReference; lastKnownFileType = sourcecode.swift; path = SwiftUISteppers.swift; sourceTree = "<group>"; };
		CE44F04326C7586D00DC7264 /* SwiftUITextEditor.swift */ = {isa = PBXFileReference; lastKnownFileType = sourcecode.swift; path = SwiftUITextEditor.swift; sourceTree = "<group>"; };
		CE47272D25421F6F00C27C3D /* SwiftUIGallery.app */ = {isa = PBXFileReference; explicitFileType = wrapper.application; includeInIndex = 0; path = SwiftUIGallery.app; sourceTree = BUILT_PRODUCTS_DIR; };
		CE47273225421F6F00C27C3D /* ContentView.swift */ = {isa = PBXFileReference; lastKnownFileType = sourcecode.swift; path = ContentView.swift; sourceTree = "<group>"; };
		CE47273425421F7000C27C3D /* Assets.xcassets */ = {isa = PBXFileReference; lastKnownFileType = folder.assetcatalog; path = Assets.xcassets; sourceTree = "<group>"; };
		CE47273725421F7000C27C3D /* Preview Assets.xcassets */ = {isa = PBXFileReference; lastKnownFileType = folder.assetcatalog; path = "Preview Assets.xcassets"; sourceTree = "<group>"; };
		CE47273925421F7000C27C3D /* Info.plist */ = {isa = PBXFileReference; lastKnownFileType = text.plist.xml; path = Info.plist; sourceTree = "<group>"; };
		CE47273E25421F7100C27C3D /* SwiftUIGalleryTests.xctest */ = {isa = PBXFileReference; explicitFileType = wrapper.cfbundle; includeInIndex = 0; path = SwiftUIGalleryTests.xctest; sourceTree = BUILT_PRODUCTS_DIR; };
		CE47274225421F7100C27C3D /* SwiftUIGalleryTests.swift */ = {isa = PBXFileReference; lastKnownFileType = sourcecode.swift; path = SwiftUIGalleryTests.swift; sourceTree = "<group>"; };
		CE47274425421F7100C27C3D /* Info.plist */ = {isa = PBXFileReference; lastKnownFileType = text.plist.xml; path = Info.plist; sourceTree = "<group>"; };
		CE47274925421F7100C27C3D /* SwiftUIGalleryUITests.xctest */ = {isa = PBXFileReference; explicitFileType = wrapper.cfbundle; includeInIndex = 0; path = SwiftUIGalleryUITests.xctest; sourceTree = BUILT_PRODUCTS_DIR; };
		CE47274D25421F7100C27C3D /* SwiftUIGalleryUITests.swift */ = {isa = PBXFileReference; lastKnownFileType = sourcecode.swift; path = SwiftUIGalleryUITests.swift; sourceTree = "<group>"; };
		CE47274F25421F7100C27C3D /* Info.plist */ = {isa = PBXFileReference; lastKnownFileType = text.plist.xml; path = Info.plist; sourceTree = "<group>"; };
		CE47275F2542354600C27C3D /* GalleryItemList.swift */ = {isa = PBXFileReference; lastKnownFileType = sourcecode.swift; path = GalleryItemList.swift; sourceTree = "<group>"; };
		CE472767254237D800C27C3D /* GalleryItem.swift */ = {isa = PBXFileReference; lastKnownFileType = sourcecode.swift; path = GalleryItem.swift; sourceTree = "<group>"; };
		CE47277A254254B100C27C3D /* GalleryItemRow.swift */ = {isa = PBXFileReference; lastKnownFileType = sourcecode.swift; path = GalleryItemRow.swift; sourceTree = "<group>"; };
		CE47278325426B0900C27C3D /* SwiftUIButtons.swift */ = {isa = PBXFileReference; lastKnownFileType = sourcecode.swift; path = SwiftUIButtons.swift; sourceTree = "<group>"; };
		CE4F541C26CB4D4F0000ABCD /* SwiftUIScrollView.swift */ = {isa = PBXFileReference; lastKnownFileType = sourcecode.swift; path = SwiftUIScrollView.swift; sourceTree = "<group>"; };
		CE521685268A9DD800C52279 /* SwiftUIInlinePicker.swift */ = {isa = PBXFileReference; lastKnownFileType = sourcecode.swift; path = SwiftUIInlinePicker.swift; sourceTree = "<group>"; };
		CE521687268A9DF800C52279 /* SwiftUIMenuPicker.swift */ = {isa = PBXFileReference; lastKnownFileType = sourcecode.swift; path = SwiftUIMenuPicker.swift; sourceTree = "<group>"; };
		CE52168D268A9EA400C52279 /* SwiftUISegmentedPicker.swift */ = {isa = PBXFileReference; lastKnownFileType = sourcecode.swift; path = SwiftUISegmentedPicker.swift; sourceTree = "<group>"; };
		CE52168F268AA17100C52279 /* SwiftUIDatePicker.swift */ = {isa = PBXFileReference; lastKnownFileType = sourcecode.swift; path = SwiftUIDatePicker.swift; sourceTree = "<group>"; };
		CE5C1D5F28B45FEF0064E455 /* SwiftUICharts.swift */ = {isa = PBXFileReference; fileEncoding = 4; lastKnownFileType = sourcecode.swift; path = SwiftUICharts.swift; sourceTree = "<group>"; };
		CE5C1D6128B474080064E455 /* FirstLightSalesWinter.json */ = {isa = PBXFileReference; fileEncoding = 4; lastKnownFileType = text.json; path = FirstLightSalesWinter.json; sourceTree = "<group>"; };
		CE6C3F0B26BCB29A002C5778 /* SwiftUILinks.swift */ = {isa = PBXFileReference; fileEncoding = 4; lastKnownFileType = sourcecode.swift; path = SwiftUILinks.swift; sourceTree = "<group>"; };
		CE74F3A9268FD6FE0058A8FC /* MissionData.swift */ = {isa = PBXFileReference; lastKnownFileType = sourcecode.swift; name = MissionData.swift; path = SwiftUIGallery/Items/Resrouces/MissionData.swift; sourceTree = SOURCE_ROOT; };
		CE85B29F26E8920C00DDDA76 /* SwiftUILazyGrids.swift */ = {isa = PBXFileReference; lastKnownFileType = sourcecode.swift; path = SwiftUILazyGrids.swift; sourceTree = "<group>"; };
		CE8C1A932705474C003C1092 /* IMG_4222.jpeg */ = {isa = PBXFileReference; lastKnownFileType = image.jpeg; path = IMG_4222.jpeg; sourceTree = "<group>"; };
		CE8C1A942705474C003C1092 /* IMG_4219.jpeg */ = {isa = PBXFileReference; lastKnownFileType = image.jpeg; path = IMG_4219.jpeg; sourceTree = "<group>"; };
		CE8C1AA3270B9D24003C1092 /* IMG_4220.jpeg */ = {isa = PBXFileReference; lastKnownFileType = image.jpeg; path = IMG_4220.jpeg; sourceTree = "<group>"; };
		CE8C1AA4270B9D24003C1092 /* IMG_4223.jpeg */ = {isa = PBXFileReference; lastKnownFileType = image.jpeg; path = IMG_4223.jpeg; sourceTree = "<group>"; };
		CE8C1AA7270BA04E003C1092 /* Readme.md */ = {isa = PBXFileReference; lastKnownFileType = net.daringfireball.markdown; path = Readme.md; sourceTree = "<group>"; };
		CE8E0CAA26CC953700D2142C /* SwiftUIText.swift */ = {isa = PBXFileReference; lastKnownFileType = sourcecode.swift; path = SwiftUIText.swift; sourceTree = "<group>"; };
		CE8E0CAD26CDF45900D2142C /* SwiftUIDynamicViewContentView.swift */ = {isa = PBXFileReference; lastKnownFileType = sourcecode.swift; path = SwiftUIDynamicViewContentView.swift; sourceTree = "<group>"; };
		CE9F94022898BE130019CC79 /* FirstLightSales.json */ = {isa = PBXFileReference; lastKnownFileType = text.json; path = FirstLightSales.json; sourceTree = "<group>"; };
		CE9F9408289A0B010019CC79 /* FirstLightSales.swift */ = {isa = PBXFileReference; fileEncoding = 4; lastKnownFileType = sourcecode.swift; path = FirstLightSales.swift; sourceTree = "<group>"; };
		CEA1A9ED26CF22AF0083D21D /* SwiftUIToolbars.swift */ = {isa = PBXFileReference; lastKnownFileType = sourcecode.swift; path = SwiftUIToolbars.swift; sourceTree = "<group>"; };
		CEA223A226E2EFC1007604E1 /* SwiftUIRadioButtons.swift */ = {isa = PBXFileReference; lastKnownFileType = sourcecode.swift; path = SwiftUIRadioButtons.swift; sourceTree = "<group>"; };
		CEA223A426E2F6CF007604E1 /* SwiftUIGroupBox.swift */ = {isa = PBXFileReference; lastKnownFileType = sourcecode.swift; path = SwiftUIGroupBox.swift; sourceTree = "<group>"; };
		CEB30169269E2915007C4479 /* SwiftUILists.swift */ = {isa = PBXFileReference; fileEncoding = 4; lastKnownFileType = sourcecode.swift; name = SwiftUILists.swift; path = SwiftUIGallery/Items/SwiftUILists.swift; sourceTree = SOURCE_ROOT; };
		CEB3016B269E51ED007C4479 /* Spacemissions.json */ = {isa = PBXFileReference; lastKnownFileType = text.json; path = Spacemissions.json; sourceTree = "<group>"; };
		CEB30171269FB506007C4479 /* MissionCard.swift */ = {isa = PBXFileReference; lastKnownFileType = sourcecode.swift; path = MissionCard.swift; sourceTree = "<group>"; };
		CEBE271A26D4420D00621C42 /* SwiftUIForms.swift */ = {isa = PBXFileReference; lastKnownFileType = sourcecode.swift; path = SwiftUIForms.swift; sourceTree = "<group>"; };
		CEBE271C26D498E900621C42 /* SwiftUIProgressView.swift */ = {isa = PBXFileReference; lastKnownFileType = sourcecode.swift; name = SwiftUIProgressView.swift; path = SwiftUIGallery/Items/SwiftUIProgressView.swift; sourceTree = SOURCE_ROOT; };
		CEC5D8702687007900AD8333 /* SwiftUIShapes.swift */ = {isa = PBXFileReference; fileEncoding = 4; lastKnownFileType = sourcecode.swift; path = SwiftUIShapes.swift; sourceTree = "<group>"; };
		CECECF3F267C2A850069849B /* SwiftUIWheelPicker.swift */ = {isa = PBXFileReference; lastKnownFileType = sourcecode.swift; path = SwiftUIWheelPicker.swift; sourceTree = "<group>"; };
		CED0058029CEA62E0004C89B /* SwiftUIToolbarMenu.swift */ = {isa = PBXFileReference; lastKnownFileType = sourcecode.swift; path = SwiftUIToolbarMenu.swift; sourceTree = "<group>"; };
		CED926CB26E00F2C0005F5BA /* SwiftUIGroups.swift */ = {isa = PBXFileReference; lastKnownFileType = sourcecode.swift; path = SwiftUIGroups.swift; sourceTree = "<group>"; };
		CED926CF26E058FD0005F5BA /* USRussianMissions.swift */ = {isa = PBXFileReference; lastKnownFileType = sourcecode.swift; path = USRussianMissions.swift; sourceTree = "<group>"; };
		CEDFB2C92894603100F3850A /* SwiftUIPhotoPicker.swift */ = {isa = PBXFileReference; lastKnownFileType = sourcecode.swift; path = SwiftUIPhotoPicker.swift; sourceTree = "<group>"; };
		CEDFB2CB28946C2200F3850A /* SwiftUILayout.swift */ = {isa = PBXFileReference; lastKnownFileType = sourcecode.swift; path = SwiftUILayout.swift; sourceTree = "<group>"; };
		CEFD014B2695471B004AB134 /* SwiftUIColorPicker.swift */ = {isa = PBXFileReference; fileEncoding = 4; lastKnownFileType = sourcecode.swift; path = SwiftUIColorPicker.swift; sourceTree = "<group>"; };
		CEFD014D2696918D004AB134 /* MissionPatches.plist */ = {isa = PBXFileReference; lastKnownFileType = text.plist.xml; path = MissionPatches.plist; sourceTree = "<group>"; };
/* End PBXFileReference section */

/* Begin PBXFrameworksBuildPhase section */
		CE47272A25421F6F00C27C3D /* Frameworks */ = {
			isa = PBXFrameworksBuildPhase;
			buildActionMask = 2147483647;
			files = (
			);
			runOnlyForDeploymentPostprocessing = 0;
		};
		CE47273B25421F7100C27C3D /* Frameworks */ = {
			isa = PBXFrameworksBuildPhase;
			buildActionMask = 2147483647;
			files = (
			);
			runOnlyForDeploymentPostprocessing = 0;
		};
		CE47274625421F7100C27C3D /* Frameworks */ = {
			isa = PBXFrameworksBuildPhase;
			buildActionMask = 2147483647;
			files = (
			);
			runOnlyForDeploymentPostprocessing = 0;
		};
/* End PBXFrameworksBuildPhase section */

/* Begin PBXGroup section */
		CE064DF126F1742100F3F52A /* Gestures */ = {
			isa = PBXGroup;
			children = (
				CE064DF226F1746A00F3F52A /* SwiftUIGestureManager.swift */,
				CE064DF426F1753900F3F52A /* SwiftUIMagnifyGesture.swift */,
				CE064DF626F1755A00F3F52A /* SwiftUIRotationGesture.swift */,
				CE064DF826F1759100F3F52A /* SwiftUILongPressGesture.swift */,
				CE064DFA26F175D500F3F52A /* SwiftUIDragGesture.swift */,
				CE064DFC26F175EB00F3F52A /* SwiftUICompoundGestures.swift */,
			);
			path = Gestures;
			sourceTree = "<group>";
		};
		CE1765BF26F9192700DC1C10 /* UIKitSupport */ = {
			isa = PBXGroup;
			children = (
				CE2A85DC26EBFDA0001D4C69 /* SwiftUIBridgeUIKit.swift */,
				CE2A85D926EAF09D001D4C69 /* SwiftUIHostingViewController.xib */,
				CE2A85D826EAF09D001D4C69 /* SwiftUIHostingViewController.swift */,
			);
			path = UIKitSupport;
			sourceTree = "<group>";
		};
		CE2A85C926EAA3EF001D4C69 /* Shapes */ = {
			isa = PBXGroup;
			children = (
				CE2A85CA26EAA498001D4C69 /* Badge.swift */,
				CE2A85CB26EAA498001D4C69 /* BadgeBackground.swift */,
				CE2A85CC26EAA498001D4C69 /* BadgeSymbol.swift */,
				CE2A85D226EAA71C001D4C69 /* HexagonParameters.swift */,
				CE2A85CD26EAA498001D4C69 /* RotatedBadgeSymbol.swift */,
				CEC5D8702687007900AD8333 /* SwiftUIShapes.swift */,
			);
			path = Shapes;
			sourceTree = "<group>";
		};
		CE3328F826E186BD00D12F3D /* ActionSheets */ = {
			isa = PBXGroup;
			children = (
				CE3328F426E182F600D12F3D /* SwiftUISheetsAndAlerts.swift */,
			);
			path = ActionSheets;
			sourceTree = "<group>";
		};
		CE47272425421F6F00C27C3D = {
			isa = PBXGroup;
			children = (
				CE8C1AA7270BA04E003C1092 /* Readme.md */,
				CE8C1A942705474C003C1092 /* IMG_4219.jpeg */,
				CE8C1A932705474C003C1092 /* IMG_4222.jpeg */,
				CE8C1AA3270B9D24003C1092 /* IMG_4220.jpeg */,
				CE8C1AA4270B9D24003C1092 /* IMG_4223.jpeg */,
				CE47272F25421F6F00C27C3D /* SwiftUIGallery */,
				CE47274125421F7100C27C3D /* SwiftUIGalleryTests */,
				CE47274C25421F7100C27C3D /* SwiftUIGalleryUITests */,
				CE47272E25421F6F00C27C3D /* Products */,
			);
			sourceTree = "<group>";
		};
		CE47272E25421F6F00C27C3D /* Products */ = {
			isa = PBXGroup;
			children = (
				CE47272D25421F6F00C27C3D /* SwiftUIGallery.app */,
				CE47273E25421F7100C27C3D /* SwiftUIGalleryTests.xctest */,
				CE47274925421F7100C27C3D /* SwiftUIGalleryUITests.xctest */,
			);
			name = Products;
			sourceTree = "<group>";
		};
		CE47272F25421F6F00C27C3D /* SwiftUIGallery */ = {
			isa = PBXGroup;
			children = (
				CE47278225426ACD00C27C3D /* Items */,
				CE47273225421F6F00C27C3D /* ContentView.swift */,
				CE47275F2542354600C27C3D /* GalleryItemList.swift */,
				CE2E9065289C66BE00141FCE /* SwiftUIGalleryApp.swift */,
				CE472767254237D800C27C3D /* GalleryItem.swift */,
				CE47277A254254B100C27C3D /* GalleryItemRow.swift */,
				CE47273425421F7000C27C3D /* Assets.xcassets */,
				CE47273925421F7000C27C3D /* Info.plist */,
				CE47273625421F7000C27C3D /* Preview Content */,
			);
			path = SwiftUIGallery;
			sourceTree = "<group>";
		};
		CE47273625421F7000C27C3D /* Preview Content */ = {
			isa = PBXGroup;
			children = (
				CE47273725421F7000C27C3D /* Preview Assets.xcassets */,
			);
			path = "Preview Content";
			sourceTree = "<group>";
		};
		CE47274125421F7100C27C3D /* SwiftUIGalleryTests */ = {
			isa = PBXGroup;
			children = (
				CE47274225421F7100C27C3D /* SwiftUIGalleryTests.swift */,
				CE47274425421F7100C27C3D /* Info.plist */,
			);
			path = SwiftUIGalleryTests;
			sourceTree = "<group>";
		};
		CE47274C25421F7100C27C3D /* SwiftUIGalleryUITests */ = {
			isa = PBXGroup;
			children = (
				CE47274D25421F7100C27C3D /* SwiftUIGalleryUITests.swift */,
				CE47274F25421F7100C27C3D /* Info.plist */,
			);
			path = SwiftUIGalleryUITests;
			sourceTree = "<group>";
		};
		CE47278225426ACD00C27C3D /* Items */ = {
			isa = PBXGroup;
			children = (
				CE070D14289E5D6D0071A361 /* testfinnder.h */,
				CE070D15289E5D6D0071A361 /* testfinnder.m */,
				CE070D17289E5DC40071A361 /* StoryboardTest.storyboard */,
				CE9F94012898B9590019CC79 /* Charts */,
				CE1765BF26F9192700DC1C10 /* UIKitSupport */,
				CE064DF126F1742100F3F52A /* Gestures */,
				CE2A85C926EAA3EF001D4C69 /* Shapes */,
				CE3328F826E186BD00D12F3D /* ActionSheets */,
				CEB30170269FB278007C4479 /* Resrouces */,
				CE521684268A9CD200C52279 /* Pickers */,
				CE47278325426B0900C27C3D /* SwiftUIButtons.swift */,
				CE5C1D5F28B45FEF0064E455 /* SwiftUICharts.swift */,
				CE8E0CAD26CDF45900D2142C /* SwiftUIDynamicViewContentView.swift */,
				CEBE271A26D4420D00621C42 /* SwiftUIForms.swift */,
				CE2A85D626EAD55E001D4C69 /* SwiftUIGeometryReader.swift */,
				CED926CB26E00F2C0005F5BA /* SwiftUIGroups.swift */,
				CEA223A426E2F6CF007604E1 /* SwiftUIGroupBox.swift */,
				CE37F9482543B4160068AF33 /* SwiftUIImages.swift */,
				CE85B29F26E8920C00DDDA76 /* SwiftUILazyGrids.swift */,
				CEDFB2CB28946C2200F3850A /* SwiftUILayout.swift */,
				CE2A6C7D26D0716C003CDA36 /* SwiftUILabels.swift */,
				CE6C3F0B26BCB29A002C5778 /* SwiftUILinks.swift */,
				CEB30169269E2915007C4479 /* SwiftUILists.swift */,
				CE31F73926B0C44C00C30C68 /* SwiftUIMenu.swift */,
				CEBE271C26D498E900621C42 /* SwiftUIProgressView.swift */,
				CE4F541C26CB4D4F0000ABCD /* SwiftUIScrollView.swift */,
				CE37F9342543B26D0068AF33 /* SwiftUISliders.swift */,
				CE44F03F26C46C8200DC7264 /* SwiftUISteppers.swift */,
				CE064DFE26F5679D00F3F52A /* SwiftUITabs.swift */,
				CE8E0CAA26CC953700D2142C /* SwiftUIText.swift */,
				CE44F04326C7586D00DC7264 /* SwiftUITextEditor.swift */,
				CE37F9432543B3730068AF33 /* SwiftUIToggles.swift */,
				CEA1A9ED26CF22AF0083D21D /* SwiftUIToolbars.swift */,
				CED0058029CEA62E0004C89B /* SwiftUIToolbarMenu.swift */,
				CE2A85D426EABC76001D4C69 /* SwiftUIViewBuilder.swift */,
			);
			path = Items;
			sourceTree = "<group>";
		};
		CE521684268A9CD200C52279 /* Pickers */ = {
			isa = PBXGroup;
			children = (
				CEFD014B2695471B004AB134 /* SwiftUIColorPicker.swift */,
				CE52168F268AA17100C52279 /* SwiftUIDatePicker.swift */,
				CE521685268A9DD800C52279 /* SwiftUIInlinePicker.swift */,
				CE521687268A9DF800C52279 /* SwiftUIMenuPicker.swift */,
				CEDFB2C92894603100F3850A /* SwiftUIPhotoPicker.swift */,
				CEA223A226E2EFC1007604E1 /* SwiftUIRadioButtons.swift */,
				CE52168D268A9EA400C52279 /* SwiftUISegmentedPicker.swift */,
				CECECF3F267C2A850069849B /* SwiftUIWheelPicker.swift */,
			);
			path = Pickers;
			sourceTree = "<group>";
		};
		CE9F94012898B9590019CC79 /* Charts */ = {
			isa = PBXGroup;
			children = (
			);
			path = Charts;
			sourceTree = "<group>";
		};
		CEB30170269FB278007C4479 /* Resrouces */ = {
			isa = PBXGroup;
			children = (
				CE74F3A9268FD6FE0058A8FC /* MissionData.swift */,
				CEB30171269FB506007C4479 /* MissionCard.swift */,
				CEFD014D2696918D004AB134 /* MissionPatches.plist */,
				CEB3016B269E51ED007C4479 /* Spacemissions.json */,
				CED926CF26E058FD0005F5BA /* USRussianMissions.swift */,
				CE9F94022898BE130019CC79 /* FirstLightSales.json */,
				CE5C1D6128B474080064E455 /* FirstLightSalesWinter.json */,
				CE9F9408289A0B010019CC79 /* FirstLightSales.swift */,
			);
			path = Resrouces;
			sourceTree = "<group>";
		};
/* End PBXGroup section */

/* Begin PBXNativeTarget section */
		CE47272C25421F6F00C27C3D /* SwiftUIGallery */ = {
			isa = PBXNativeTarget;
			buildConfigurationList = CE47275225421F7100C27C3D /* Build configuration list for PBXNativeTarget "SwiftUIGallery" */;
			buildPhases = (
				CE47272925421F6F00C27C3D /* Sources */,
				CE47272A25421F6F00C27C3D /* Frameworks */,
				CE47272B25421F6F00C27C3D /* Resources */,
			);
			buildRules = (
			);
			dependencies = (
			);
			name = SwiftUIGallery;
			productName = SwiftUIGallery;
			productReference = CE47272D25421F6F00C27C3D /* SwiftUIGallery.app */;
			productType = "com.apple.product-type.application";
		};
		CE47273D25421F7100C27C3D /* SwiftUIGalleryTests */ = {
			isa = PBXNativeTarget;
			buildConfigurationList = CE47275525421F7100C27C3D /* Build configuration list for PBXNativeTarget "SwiftUIGalleryTests" */;
			buildPhases = (
				CE47273A25421F7100C27C3D /* Sources */,
				CE47273B25421F7100C27C3D /* Frameworks */,
				CE47273C25421F7100C27C3D /* Resources */,
			);
			buildRules = (
			);
			dependencies = (
				CE47274025421F7100C27C3D /* PBXTargetDependency */,
			);
			name = SwiftUIGalleryTests;
			productName = SwiftUIGalleryTests;
			productReference = CE47273E25421F7100C27C3D /* SwiftUIGalleryTests.xctest */;
			productType = "com.apple.product-type.bundle.unit-test";
		};
		CE47274825421F7100C27C3D /* SwiftUIGalleryUITests */ = {
			isa = PBXNativeTarget;
			buildConfigurationList = CE47275825421F7100C27C3D /* Build configuration list for PBXNativeTarget "SwiftUIGalleryUITests" */;
			buildPhases = (
				CE47274525421F7100C27C3D /* Sources */,
				CE47274625421F7100C27C3D /* Frameworks */,
				CE47274725421F7100C27C3D /* Resources */,
			);
			buildRules = (
			);
			dependencies = (
				CE47274B25421F7100C27C3D /* PBXTargetDependency */,
			);
			name = SwiftUIGalleryUITests;
			productName = SwiftUIGalleryUITests;
			productReference = CE47274925421F7100C27C3D /* SwiftUIGalleryUITests.xctest */;
			productType = "com.apple.product-type.bundle.ui-testing";
		};
/* End PBXNativeTarget section */

/* Begin PBXProject section */
		CE47272525421F6F00C27C3D /* Project object */ = {
			isa = PBXProject;
			attributes = {
				LastSwiftUpdateCheck = 1220;
				LastUpgradeCheck = 1220;
				TargetAttributes = {
					CE47272C25421F6F00C27C3D = {
						CreatedOnToolsVersion = 12.2;
						LastSwiftMigration = 1400;
					};
					CE47273D25421F7100C27C3D = {
						CreatedOnToolsVersion = 12.2;
						TestTargetID = CE47272C25421F6F00C27C3D;
					};
					CE47274825421F7100C27C3D = {
						CreatedOnToolsVersion = 12.2;
						TestTargetID = CE47272C25421F6F00C27C3D;
					};
				};
			};
			buildConfigurationList = CE47272825421F6F00C27C3D /* Build configuration list for PBXProject "SwiftUIGallery" */;
			compatibilityVersion = "Xcode 9.3";
			developmentRegion = en;
			hasScannedForEncodings = 0;
			knownRegions = (
				en,
				Base,
			);
			mainGroup = CE47272425421F6F00C27C3D;
			productRefGroup = CE47272E25421F6F00C27C3D /* Products */;
			projectDirPath = "";
			projectRoot = "";
			targets = (
				CE47272C25421F6F00C27C3D /* SwiftUIGallery */,
				CE47273D25421F7100C27C3D /* SwiftUIGalleryTests */,
				CE47274825421F7100C27C3D /* SwiftUIGalleryUITests */,
			);
		};
/* End PBXProject section */

/* Begin PBXResourcesBuildPhase section */
		CE47272B25421F6F00C27C3D /* Resources */ = {
			isa = PBXResourcesBuildPhase;
			buildActionMask = 2147483647;
			files = (
				CE8C1A972705474C003C1092 /* IMG_4222.jpeg in Resources */,
				CE5C1D6228B474080064E455 /* FirstLightSalesWinter.json in Resources */,
				CE2A85DB26EAF09D001D4C69 /* SwiftUIHostingViewController.xib in Resources */,
				CEFD014E2696918D004AB134 /* MissionPatches.plist in Resources */,
				CE47273825421F7000C27C3D /* Preview Assets.xcassets in Resources */,
				CE9F94032898BE130019CC79 /* FirstLightSales.json in Resources */,
				CE8C1A982705474C003C1092 /* IMG_4219.jpeg in Resources */,
				CE47273525421F7000C27C3D /* Assets.xcassets in Resources */,
				CE070D18289E5DC40071A361 /* StoryboardTest.storyboard in Resources */,
				CEB3016C269E51EE007C4479 /* Spacemissions.json in Resources */,
			);
			runOnlyForDeploymentPostprocessing = 0;
		};
		CE47273C25421F7100C27C3D /* Resources */ = {
			isa = PBXResourcesBuildPhase;
			buildActionMask = 2147483647;
			files = (
			);
			runOnlyForDeploymentPostprocessing = 0;
		};
		CE47274725421F7100C27C3D /* Resources */ = {
			isa = PBXResourcesBuildPhase;
			buildActionMask = 2147483647;
			files = (
			);
			runOnlyForDeploymentPostprocessing = 0;
		};
/* End PBXResourcesBuildPhase section */

/* Begin PBXSourcesBuildPhase section */
		CE47272925421F6F00C27C3D /* Sources */ = {
			isa = PBXSourcesBuildPhase;
			buildActionMask = 2147483647;
			files = (
				CED926CC26E00F2C0005F5BA /* SwiftUIGroups.swift in Sources */,
				CE2A85CE26EAA498001D4C69 /* Badge.swift in Sources */,
				CED0058129CEA62E0004C89B /* SwiftUIToolbarMenu.swift in Sources */,
				CE2A6C7E26D0716C003CDA36 /* SwiftUILabels.swift in Sources */,
				CE2A85D326EAA71C001D4C69 /* HexagonParameters.swift in Sources */,
				CE2A85D526EABC76001D4C69 /* SwiftUIViewBuilder.swift in Sources */,
				CE2E9066289C66BE00141FCE /* SwiftUIGalleryApp.swift in Sources */,
				CE2A85CF26EAA498001D4C69 /* BadgeBackground.swift in Sources */,
				CE85B2A026E8920D00DDDA76 /* SwiftUILazyGrids.swift in Sources */,
				CE47273325421F6F00C27C3D /* ContentView.swift in Sources */,
				CEBE271D26D498E900621C42 /* SwiftUIProgressView.swift in Sources */,
				CE2A85D726EAD55E001D4C69 /* SwiftUIGeometryReader.swift in Sources */,
				CE064DF526F1753900F3F52A /* SwiftUIMagnifyGesture.swift in Sources */,
				CE521688268A9DF800C52279 /* SwiftUIMenuPicker.swift in Sources */,
				CE2A85DA26EAF09D001D4C69 /* SwiftUIHostingViewController.swift in Sources */,
				CE4727602542354600C27C3D /* GalleryItemList.swift in Sources */,
				CEC5D8712687007900AD8333 /* SwiftUIShapes.swift in Sources */,
				CE2A85DD26EBFDA0001D4C69 /* SwiftUIBridgeUIKit.swift in Sources */,
				CE4F541D26CB4D4F0000ABCD /* SwiftUIScrollView.swift in Sources */,
				CE2A85D126EAA498001D4C69 /* RotatedBadgeSymbol.swift in Sources */,
				CE47278425426B0900C27C3D /* SwiftUIButtons.swift in Sources */,
				CEBE271B26D4420D00621C42 /* SwiftUIForms.swift in Sources */,
				CE064DF726F1755A00F3F52A /* SwiftUIRotationGesture.swift in Sources */,
				CE070D16289E5D6D0071A361 /* testfinnder.m in Sources */,
				CE52168E268A9EA400C52279 /* SwiftUISegmentedPicker.swift in Sources */,
				CE37F9442543B3730068AF33 /* SwiftUIToggles.swift in Sources */,
				CE064DF926F1759100F3F52A /* SwiftUILongPressGesture.swift in Sources */,
				CEB30172269FB506007C4479 /* MissionCard.swift in Sources */,
				CEA223A526E2F6CF007604E1 /* SwiftUIGroupBox.swift in Sources */,
				CE472768254237D800C27C3D /* GalleryItem.swift in Sources */,
				CE5C1D6028B45FEF0064E455 /* SwiftUICharts.swift in Sources */,
				CE8E0CAB26CC953700D2142C /* SwiftUIText.swift in Sources */,
				CEA1A9EE26CF22AF0083D21D /* SwiftUIToolbars.swift in Sources */,
				CE37F9492543B4160068AF33 /* SwiftUIImages.swift in Sources */,
				CE9F9409289A0B010019CC79 /* FirstLightSales.swift in Sources */,
				CED926D026E058FD0005F5BA /* USRussianMissions.swift in Sources */,
				CE064DF326F1746A00F3F52A /* SwiftUIGestureManager.swift in Sources */,
				CE47277B254254B100C27C3D /* GalleryItemRow.swift in Sources */,
				CE3328F526E182F600D12F3D /* SwiftUISheetsAndAlerts.swift in Sources */,
				CE521686268A9DD800C52279 /* SwiftUIInlinePicker.swift in Sources */,
				CE521690268AA17200C52279 /* SwiftUIDatePicker.swift in Sources */,
				CE064DFB26F175D600F3F52A /* SwiftUIDragGesture.swift in Sources */,
				CE6C3F0C26BCB29A002C5778 /* SwiftUILinks.swift in Sources */,
				CEDFB2CC28946C2200F3850A /* SwiftUILayout.swift in Sources */,
				CE8E0CAE26CDF45900D2142C /* SwiftUIDynamicViewContentView.swift in Sources */,
				CE44F04026C46C8200DC7264 /* SwiftUISteppers.swift in Sources */,
				CE44F04426C7586D00DC7264 /* SwiftUITextEditor.swift in Sources */,
				CE31F73A26B0C44C00C30C68 /* SwiftUIMenu.swift in Sources */,
				CE2A85D026EAA498001D4C69 /* BadgeSymbol.swift in Sources */,
				CEB3016A269E2915007C4479 /* SwiftUILists.swift in Sources */,
				CE064DFD26F175EB00F3F52A /* SwiftUICompoundGestures.swift in Sources */,
				CE37F9352543B26D0068AF33 /* SwiftUISliders.swift in Sources */,
				CEDFB2CA2894603100F3850A /* SwiftUIPhotoPicker.swift in Sources */,
				CE064DFF26F5679D00F3F52A /* SwiftUITabs.swift in Sources */,
				CEFD014C2695471B004AB134 /* SwiftUIColorPicker.swift in Sources */,
				CEA223A326E2EFC1007604E1 /* SwiftUIRadioButtons.swift in Sources */,
				CECECF40267C2A850069849B /* SwiftUIWheelPicker.swift in Sources */,
				CE74F3AA268FD6FE0058A8FC /* MissionData.swift in Sources */,
			);
			runOnlyForDeploymentPostprocessing = 0;
		};
		CE47273A25421F7100C27C3D /* Sources */ = {
			isa = PBXSourcesBuildPhase;
			buildActionMask = 2147483647;
			files = (
				CE47274325421F7100C27C3D /* SwiftUIGalleryTests.swift in Sources */,
			);
			runOnlyForDeploymentPostprocessing = 0;
		};
		CE47274525421F7100C27C3D /* Sources */ = {
			isa = PBXSourcesBuildPhase;
			buildActionMask = 2147483647;
			files = (
				CE47274E25421F7100C27C3D /* SwiftUIGalleryUITests.swift in Sources */,
			);
			runOnlyForDeploymentPostprocessing = 0;
		};
/* End PBXSourcesBuildPhase section */

/* Begin PBXTargetDependency section */
		CE47274025421F7100C27C3D /* PBXTargetDependency */ = {
			isa = PBXTargetDependency;
			target = CE47272C25421F6F00C27C3D /* SwiftUIGallery */;
			targetProxy = CE47273F25421F7100C27C3D /* PBXContainerItemProxy */;
		};
		CE47274B25421F7100C27C3D /* PBXTargetDependency */ = {
			isa = PBXTargetDependency;
			target = CE47272C25421F6F00C27C3D /* SwiftUIGallery */;
			targetProxy = CE47274A25421F7100C27C3D /* PBXContainerItemProxy */;
		};
/* End PBXTargetDependency section */

/* Begin XCBuildConfiguration section */
		CE47275025421F7100C27C3D /* Debug */ = {
			isa = XCBuildConfiguration;
			buildSettings = {
				ALWAYS_SEARCH_USER_PATHS = NO;
				CLANG_ANALYZER_NONNULL = YES;
				CLANG_ANALYZER_NUMBER_OBJECT_CONVERSION = YES_AGGRESSIVE;
				CLANG_CXX_LANGUAGE_STANDARD = "gnu++14";
				CLANG_CXX_LIBRARY = "libc++";
				CLANG_ENABLE_MODULES = YES;
				CLANG_ENABLE_OBJC_ARC = YES;
				CLANG_ENABLE_OBJC_WEAK = YES;
				CLANG_WARN_BLOCK_CAPTURE_AUTORELEASING = YES;
				CLANG_WARN_BOOL_CONVERSION = YES;
				CLANG_WARN_COMMA = YES;
				CLANG_WARN_CONSTANT_CONVERSION = YES;
				CLANG_WARN_DEPRECATED_OBJC_IMPLEMENTATIONS = YES;
				CLANG_WARN_DIRECT_OBJC_ISA_USAGE = YES_ERROR;
				CLANG_WARN_DOCUMENTATION_COMMENTS = YES;
				CLANG_WARN_EMPTY_BODY = YES;
				CLANG_WARN_ENUM_CONVERSION = YES;
				CLANG_WARN_INFINITE_RECURSION = YES;
				CLANG_WARN_INT_CONVERSION = YES;
				CLANG_WARN_NON_LITERAL_NULL_CONVERSION = YES;
				CLANG_WARN_OBJC_IMPLICIT_RETAIN_SELF = YES;
				CLANG_WARN_OBJC_LITERAL_CONVERSION = YES;
				CLANG_WARN_OBJC_ROOT_CLASS = YES_ERROR;
				CLANG_WARN_QUOTED_INCLUDE_IN_FRAMEWORK_HEADER = YES;
				CLANG_WARN_RANGE_LOOP_ANALYSIS = YES;
				CLANG_WARN_STRICT_PROTOTYPES = YES;
				CLANG_WARN_SUSPICIOUS_MOVE = YES;
				CLANG_WARN_UNGUARDED_AVAILABILITY = YES_AGGRESSIVE;
				CLANG_WARN_UNREACHABLE_CODE = YES;
				CLANG_WARN__DUPLICATE_METHOD_MATCH = YES;
				COPY_PHASE_STRIP = NO;
				DEBUG_INFORMATION_FORMAT = dwarf;
				ENABLE_STRICT_OBJC_MSGSEND = YES;
				ENABLE_TESTABILITY = YES;
				GCC_C_LANGUAGE_STANDARD = gnu11;
				GCC_DYNAMIC_NO_PIC = NO;
				GCC_NO_COMMON_BLOCKS = YES;
				GCC_OPTIMIZATION_LEVEL = 0;
				GCC_PREPROCESSOR_DEFINITIONS = (
					"DEBUG=1",
					"$(inherited)",
				);
				GCC_WARN_64_TO_32_BIT_CONVERSION = YES;
				GCC_WARN_ABOUT_RETURN_TYPE = YES_ERROR;
				GCC_WARN_UNDECLARED_SELECTOR = YES;
				GCC_WARN_UNINITIALIZED_AUTOS = YES_AGGRESSIVE;
				GCC_WARN_UNUSED_FUNCTION = YES;
				GCC_WARN_UNUSED_VARIABLE = YES;
				IPHONEOS_DEPLOYMENT_TARGET = 16.0;
				MTL_ENABLE_DEBUG_INFO = INCLUDE_SOURCE;
				MTL_FAST_MATH = YES;
				ONLY_ACTIVE_ARCH = YES;
				SDKROOT = iphoneos;
				SWIFT_ACTIVE_COMPILATION_CONDITIONS = DEBUG;
				SWIFT_OPTIMIZATION_LEVEL = "-Onone";
			};
			name = Debug;
		};
		CE47275125421F7100C27C3D /* Release */ = {
			isa = XCBuildConfiguration;
			buildSettings = {
				ALWAYS_SEARCH_USER_PATHS = NO;
				CLANG_ANALYZER_NONNULL = YES;
				CLANG_ANALYZER_NUMBER_OBJECT_CONVERSION = YES_AGGRESSIVE;
				CLANG_CXX_LANGUAGE_STANDARD = "gnu++14";
				CLANG_CXX_LIBRARY = "libc++";
				CLANG_ENABLE_MODULES = YES;
				CLANG_ENABLE_OBJC_ARC = YES;
				CLANG_ENABLE_OBJC_WEAK = YES;
				CLANG_WARN_BLOCK_CAPTURE_AUTORELEASING = YES;
				CLANG_WARN_BOOL_CONVERSION = YES;
				CLANG_WARN_COMMA = YES;
				CLANG_WARN_CONSTANT_CONVERSION = YES;
				CLANG_WARN_DEPRECATED_OBJC_IMPLEMENTATIONS = YES;
				CLANG_WARN_DIRECT_OBJC_ISA_USAGE = YES_ERROR;
				CLANG_WARN_DOCUMENTATION_COMMENTS = YES;
				CLANG_WARN_EMPTY_BODY = YES;
				CLANG_WARN_ENUM_CONVERSION = YES;
				CLANG_WARN_INFINITE_RECURSION = YES;
				CLANG_WARN_INT_CONVERSION = YES;
				CLANG_WARN_NON_LITERAL_NULL_CONVERSION = YES;
				CLANG_WARN_OBJC_IMPLICIT_RETAIN_SELF = YES;
				CLANG_WARN_OBJC_LITERAL_CONVERSION = YES;
				CLANG_WARN_OBJC_ROOT_CLASS = YES_ERROR;
				CLANG_WARN_QUOTED_INCLUDE_IN_FRAMEWORK_HEADER = YES;
				CLANG_WARN_RANGE_LOOP_ANALYSIS = YES;
				CLANG_WARN_STRICT_PROTOTYPES = YES;
				CLANG_WARN_SUSPICIOUS_MOVE = YES;
				CLANG_WARN_UNGUARDED_AVAILABILITY = YES_AGGRESSIVE;
				CLANG_WARN_UNREACHABLE_CODE = YES;
				CLANG_WARN__DUPLICATE_METHOD_MATCH = YES;
				COPY_PHASE_STRIP = NO;
				DEBUG_INFORMATION_FORMAT = "dwarf-with-dsym";
				ENABLE_NS_ASSERTIONS = NO;
				ENABLE_STRICT_OBJC_MSGSEND = YES;
				GCC_C_LANGUAGE_STANDARD = gnu11;
				GCC_NO_COMMON_BLOCKS = YES;
				GCC_WARN_64_TO_32_BIT_CONVERSION = YES;
				GCC_WARN_ABOUT_RETURN_TYPE = YES_ERROR;
				GCC_WARN_UNDECLARED_SELECTOR = YES;
				GCC_WARN_UNINITIALIZED_AUTOS = YES_AGGRESSIVE;
				GCC_WARN_UNUSED_FUNCTION = YES;
				GCC_WARN_UNUSED_VARIABLE = YES;
				IPHONEOS_DEPLOYMENT_TARGET = 16.0;
				MTL_ENABLE_DEBUG_INFO = NO;
				MTL_FAST_MATH = YES;
				SDKROOT = iphoneos;
				SWIFT_COMPILATION_MODE = wholemodule;
				SWIFT_OPTIMIZATION_LEVEL = "-O";
				VALIDATE_PRODUCT = YES;
			};
			name = Release;
		};
		CE47275325421F7100C27C3D /* Debug */ = {
			isa = XCBuildConfiguration;
			buildSettings = {
				ASSETCATALOG_COMPILER_APPICON_NAME = AppIcon;
				ASSETCATALOG_COMPILER_GLOBAL_ACCENT_COLOR_NAME = AccentColor;
				ASSETCATALOG_COMPILER_INCLUDE_ALL_APPICON_ASSETS = YES;
				CLANG_ENABLE_MODULES = YES;
				CODE_SIGN_STYLE = Automatic;
				DEVELOPMENT_ASSET_PATHS = "\"SwiftUIGallery/Preview Content\"";
				DEVELOPMENT_TEAM = TPJ4QB3N7U;
				ENABLE_PREVIEWS = YES;
				INFOPLIST_FILE = SwiftUIGallery/Info.plist;
				IPHONEOS_DEPLOYMENT_TARGET = 16.0;
				LD_RUNPATH_SEARCH_PATHS = (
					"$(inherited)",
					"@executable_path/Frameworks",
				);
				PRODUCT_BUNDLE_IDENTIFIER = com.dangerouskittens.SwiftUIGallery;
				PRODUCT_NAME = "$(TARGET_NAME)";
				SWIFT_OPTIMIZATION_LEVEL = "-Onone";
				SWIFT_VERSION = 5.0;
				TARGETED_DEVICE_FAMILY = 1;
				TVOS_DEPLOYMENT_TARGET = 14.7;
			};
			name = Debug;
		};
		CE47275425421F7100C27C3D /* Release */ = {
			isa = XCBuildConfiguration;
			buildSettings = {
				ASSETCATALOG_COMPILER_APPICON_NAME = AppIcon;
				ASSETCATALOG_COMPILER_GLOBAL_ACCENT_COLOR_NAME = AccentColor;
				ASSETCATALOG_COMPILER_INCLUDE_ALL_APPICON_ASSETS = YES;
				CLANG_ENABLE_MODULES = YES;
				CODE_SIGN_STYLE = Automatic;
				DEVELOPMENT_ASSET_PATHS = "\"SwiftUIGallery/Preview Content\"";
				DEVELOPMENT_TEAM = TPJ4QB3N7U;
				ENABLE_PREVIEWS = YES;
				INFOPLIST_FILE = SwiftUIGallery/Info.plist;
				IPHONEOS_DEPLOYMENT_TARGET = 16.0;
				LD_RUNPATH_SEARCH_PATHS = (
					"$(inherited)",
					"@executable_path/Frameworks",
				);
				PRODUCT_BUNDLE_IDENTIFIER = com.dangerouskittens.SwiftUIGallery;
				PRODUCT_NAME = "$(TARGET_NAME)";
				SWIFT_VERSION = 5.0;
				TARGETED_DEVICE_FAMILY = 1;
				TVOS_DEPLOYMENT_TARGET = 14.7;
			};
			name = Release;
		};
		CE47275625421F7100C27C3D /* Debug */ = {
			isa = XCBuildConfiguration;
			buildSettings = {
				ALWAYS_EMBED_SWIFT_STANDARD_LIBRARIES = YES;
				BUNDLE_LOADER = "$(TEST_HOST)";
				CODE_SIGN_STYLE = Automatic;
				DEVELOPMENT_TEAM = TPJ4QB3N7U;
				INFOPLIST_FILE = SwiftUIGalleryTests/Info.plist;
				IPHONEOS_DEPLOYMENT_TARGET = 15.0;
				LD_RUNPATH_SEARCH_PATHS = (
					"$(inherited)",
					"@executable_path/Frameworks",
					"@loader_path/Frameworks",
				);
				PRODUCT_BUNDLE_IDENTIFIER = com.dangerouskittens.SwiftUIGalleryTests;
				PRODUCT_NAME = "$(TARGET_NAME)";
				SWIFT_VERSION = 5.0;
				TARGETED_DEVICE_FAMILY = "1,2";
				TEST_HOST = "$(BUILT_PRODUCTS_DIR)/SwiftUIGallery.app/SwiftUIGallery";
			};
			name = Debug;
		};
		CE47275725421F7100C27C3D /* Release */ = {
			isa = XCBuildConfiguration;
			buildSettings = {
				ALWAYS_EMBED_SWIFT_STANDARD_LIBRARIES = YES;
				BUNDLE_LOADER = "$(TEST_HOST)";
				CODE_SIGN_STYLE = Automatic;
				DEVELOPMENT_TEAM = TPJ4QB3N7U;
				INFOPLIST_FILE = SwiftUIGalleryTests/Info.plist;
				IPHONEOS_DEPLOYMENT_TARGET = 15.0;
				LD_RUNPATH_SEARCH_PATHS = (
					"$(inherited)",
					"@executable_path/Frameworks",
					"@loader_path/Frameworks",
				);
				PRODUCT_BUNDLE_IDENTIFIER = com.dangerouskittens.SwiftUIGalleryTests;
				PRODUCT_NAME = "$(TARGET_NAME)";
				SWIFT_VERSION = 5.0;
				TARGETED_DEVICE_FAMILY = "1,2";
				TEST_HOST = "$(BUILT_PRODUCTS_DIR)/SwiftUIGallery.app/SwiftUIGallery";
			};
			name = Release;
		};
		CE47275925421F7100C27C3D /* Debug */ = {
			isa = XCBuildConfiguration;
			buildSettings = {
				ALWAYS_EMBED_SWIFT_STANDARD_LIBRARIES = YES;
				CODE_SIGN_STYLE = Automatic;
				DEVELOPMENT_TEAM = TPJ4QB3N7U;
				INFOPLIST_FILE = SwiftUIGalleryUITests/Info.plist;
				LD_RUNPATH_SEARCH_PATHS = (
					"$(inherited)",
					"@executable_path/Frameworks",
					"@loader_path/Frameworks",
				);
				PRODUCT_BUNDLE_IDENTIFIER = com.dangerouskittens.SwiftUIGalleryUITests;
				PRODUCT_NAME = "$(TARGET_NAME)";
				SWIFT_VERSION = 5.0;
				TARGETED_DEVICE_FAMILY = "1,2";
				TEST_TARGET_NAME = SwiftUIGallery;
			};
			name = Debug;
		};
		CE47275A25421F7100C27C3D /* Release */ = {
			isa = XCBuildConfiguration;
			buildSettings = {
				ALWAYS_EMBED_SWIFT_STANDARD_LIBRARIES = YES;
				CODE_SIGN_STYLE = Automatic;
				DEVELOPMENT_TEAM = TPJ4QB3N7U;
				INFOPLIST_FILE = SwiftUIGalleryUITests/Info.plist;
				LD_RUNPATH_SEARCH_PATHS = (
					"$(inherited)",
					"@executable_path/Frameworks",
					"@loader_path/Frameworks",
				);
				PRODUCT_BUNDLE_IDENTIFIER = com.dangerouskittens.SwiftUIGalleryUITests;
				PRODUCT_NAME = "$(TARGET_NAME)";
				SWIFT_VERSION = 5.0;
				TARGETED_DEVICE_FAMILY = "1,2";
				TEST_TARGET_NAME = SwiftUIGallery;
			};
			name = Release;
		};
/* End XCBuildConfiguration section */

/* Begin XCConfigurationList section */
		CE47272825421F6F00C27C3D /* Build configuration list for PBXProject "SwiftUIGallery" */ = {
			isa = XCConfigurationList;
			buildConfigurations = (
				CE47275025421F7100C27C3D /* Debug */,
				CE47275125421F7100C27C3D /* Release */,
			);
			defaultConfigurationIsVisible = 0;
			defaultConfigurationName = Release;
		};
		CE47275225421F7100C27C3D /* Build configuration list for PBXNativeTarget "SwiftUIGallery" */ = {
			isa = XCConfigurationList;
			buildConfigurations = (
				CE47275325421F7100C27C3D /* Debug */,
				CE47275425421F7100C27C3D /* Release */,
			);
			defaultConfigurationIsVisible = 0;
			defaultConfigurationName = Release;
		};
		CE47275525421F7100C27C3D /* Build configuration list for PBXNativeTarget "SwiftUIGalleryTests" */ = {
			isa = XCConfigurationList;
			buildConfigurations = (
				CE47275625421F7100C27C3D /* Debug */,
				CE47275725421F7100C27C3D /* Release */,
			);
			defaultConfigurationIsVisible = 0;
			defaultConfigurationName = Release;
		};
		CE47275825421F7100C27C3D /* Build configuration list for PBXNativeTarget "SwiftUIGalleryUITests" */ = {
			isa = XCConfigurationList;
			buildConfigurations = (
				CE47275925421F7100C27C3D /* Debug */,
				CE47275A25421F7100C27C3D /* Release */,
			);
			defaultConfigurationIsVisible = 0;
			defaultConfigurationName = Release;
		};
/* End XCConfigurationList section */
	};
	rootObject = CE47272525421F6F00C27C3D /* Project object */;
}
